
Microsoft Visual Studio Solution File, Format Version 12.00
# Visual Studio Version 16
VisualStudioVersion = 16.0.31702.278
MinimumVisualStudioVersion = 10.0.40219.1
Project("{9A19103F-16F7-4668-BE54-9A1E7A4F7556}") = "mybooks", "mybooks\mybooks.csproj", "{B81FB383-032A-4C69-9876-8205B3A5728C}"
EndProject
Project("{FAE04EC0-301F-11D3-BF4B-00C04F79EFBC}") = "asp-net-web-api", "asp-net-web-api\asp-net-web-api.csproj", "{2FE2DAF6-A628-47AE-BCD0-EEEE073CB2B3}"
EndProject
Project("{FAE04EC0-301F-11D3-BF4B-00C04F79EFBC}") = "my books tests", "my books tests\my books tests.csproj", "{3C650911-FC97-4DA0-B930-B7848FA295B3}"
EndProject
Global
	GlobalSection(SolutionConfigurationPlatforms) = preSolution
		Debug|Any CPU = Debug|Any CPU
		Release|Any CPU = Release|Any CPU
	EndGlobalSection
	GlobalSection(ProjectConfigurationPlatforms) = postSolution
		{B81FB383-032A-4C69-9876-8205B3A5728C}.Debug|Any CPU.ActiveCfg = Debug|Any CPU
		{B81FB383-032A-4C69-9876-8205B3A5728C}.Debug|Any CPU.Build.0 = Debug|Any CPU
		{B81FB383-032A-4C69-9876-8205B3A5728C}.Release|Any CPU.ActiveCfg = Release|Any CPU
		{B81FB383-032A-4C69-9876-8205B3A5728C}.Release|Any CPU.Build.0 = Release|Any CPU
		{2FE2DAF6-A628-47AE-BCD0-EEEE073CB2B3}.Debug|Any CPU.ActiveCfg = Debug|Any CPU
		{2FE2DAF6-A628-47AE-BCD0-EEEE073CB2B3}.Debug|Any CPU.Build.0 = Debug|Any CPU
		{2FE2DAF6-A628-47AE-BCD0-EEEE073CB2B3}.Release|Any CPU.ActiveCfg = Release|Any CPU
		{2FE2DAF6-A628-47AE-BCD0-EEEE073CB2B3}.Release|Any CPU.Build.0 = Release|Any CPU
		{3C650911-FC97-4DA0-B930-B7848FA295B3}.Debug|Any CPU.ActiveCfg = Debug|Any CPU
		{3C650911-FC97-4DA0-B930-B7848FA295B3}.Debug|Any CPU.Build.0 = Debug|Any CPU
		{3C650911-FC97-4DA0-B930-B7848FA295B3}.Release|Any CPU.ActiveCfg = Release|Any CPU
		{3C650911-FC97-4DA0-B930-B7848FA295B3}.Release|Any CPU.Build.0 = Release|Any CPU
	EndGlobalSection
	GlobalSection(SolutionProperties) = preSolution
		HideSolutionNode = FALSE
	EndGlobalSection
	GlobalSection(ExtensibilityGlobals) = postSolution
		SolutionGuid = {AD272F94-083E-4F56-B51D-787CED47B105}
	EndGlobalSection
EndGlobal
